
Microsoft Visual Studio Solution File, Format Version 12.00
# Visual Studio Version 17
VisualStudioVersion = 17.6.33829.357
MinimumVisualStudioVersion = 10.0.40219.1
Project("{FAE04EC0-301F-11D3-BF4B-00C04F79EFBC}") = "POO", "POO\POO.csproj", "{23488B75-D6D2-42CD-88D2-6301C1310B36}"
EndProject
Project("{FAE04EC0-301F-11D3-BF4B-00C04F79EFBC}") = "EjercicioPOO", "EjercicioPOO\EjercicioPOO.csproj", "{43EB24A2-9851-43E5-9645-74D6E1BD274B}"
EndProject
Project("{FAE04EC0-301F-11D3-BF4B-00C04F79EFBC}") = "Desafío 1", "Desafío 1\Desafío 1.csproj", "{BE2795BF-E99C-44E7-B60E-C6E0E8831B12}"
EndProject
Global
	GlobalSection(SolutionConfigurationPlatforms) = preSolution
		Debug|Any CPU = Debug|Any CPU
		Release|Any CPU = Release|Any CPU
	EndGlobalSection
	GlobalSection(ProjectConfigurationPlatforms) = postSolution
		{23488B75-D6D2-42CD-88D2-6301C1310B36}.Debug|Any CPU.ActiveCfg = Debug|Any CPU
		{23488B75-D6D2-42CD-88D2-6301C1310B36}.Debug|Any CPU.Build.0 = Debug|Any CPU
		{23488B75-D6D2-42CD-88D2-6301C1310B36}.Release|Any CPU.ActiveCfg = Release|Any CPU
		{23488B75-D6D2-42CD-88D2-6301C1310B36}.Release|Any CPU.Build.0 = Release|Any CPU
		{43EB24A2-9851-43E5-9645-74D6E1BD274B}.Debug|Any CPU.ActiveCfg = Debug|Any CPU
		{43EB24A2-9851-43E5-9645-74D6E1BD274B}.Debug|Any CPU.Build.0 = Debug|Any CPU
		{43EB24A2-9851-43E5-9645-74D6E1BD274B}.Release|Any CPU.ActiveCfg = Release|Any CPU
		{43EB24A2-9851-43E5-9645-74D6E1BD274B}.Release|Any CPU.Build.0 = Release|Any CPU
		{BE2795BF-E99C-44E7-B60E-C6E0E8831B12}.Debug|Any CPU.ActiveCfg = Debug|Any CPU
		{BE2795BF-E99C-44E7-B60E-C6E0E8831B12}.Debug|Any CPU.Build.0 = Debug|Any CPU
		{BE2795BF-E99C-44E7-B60E-C6E0E8831B12}.Release|Any CPU.ActiveCfg = Release|Any CPU
		{BE2795BF-E99C-44E7-B60E-C6E0E8831B12}.Release|Any CPU.Build.0 = Release|Any CPU
	EndGlobalSection
	GlobalSection(SolutionProperties) = preSolution
		HideSolutionNode = FALSE
	EndGlobalSection
	GlobalSection(ExtensibilityGlobals) = postSolution
		SolutionGuid = {15AF87E7-0967-4229-8D76-850FD58931E0}
	EndGlobalSection
EndGlobal
